
Microsoft Visual Studio Solution File, Format Version 12.00
# Visual Studio Version 16
VisualStudioVersion = 16.0.29020.237
MinimumVisualStudioVersion = 10.0.40219.1
Project("{9A19103F-16F7-4668-BE54-9A1E7A4F7556}") = "BugTracking.Domain", "src\BugTracking.Domain\BugTracking.Domain.csproj", "{554AD327-6DBA-4F8F-96F8-81CE7A0C863F}"
EndProject
Project("{9A19103F-16F7-4668-BE54-9A1E7A4F7556}") = "BugTracking.Application", "src\BugTracking.Application\BugTracking.Application.csproj", "{1A94A50E-06DC-43C1-80B5-B662820EC3EB}"
EndProject
Project("{9A19103F-16F7-4668-BE54-9A1E7A4F7556}") = "BugTracking.EntityFrameworkCore", "src\BugTracking.EntityFrameworkCore\BugTracking.EntityFrameworkCore.csproj", "{C956DD76-69C8-4A9C-83EA-D17DF83340FD}"
EndProject
Project("{2150E333-8FDC-42A3-9474-1A3956D46DE8}") = "src", "src", "{CA9AC87F-097E-4F15-8393-4BC07735A5B0}"
EndProject
Project("{9A19103F-16F7-4668-BE54-9A1E7A4F7556}") = "BugTracking.EntityFrameworkCore.DbMigrations", "src\BugTracking.EntityFrameworkCore.DbMigrations\BugTracking.EntityFrameworkCore.DbMigrations.csproj", "{0372FA84-C517-4EB3-9A9F-B9ACAC0CA5E0}"
EndProject
Project("{9A19103F-16F7-4668-BE54-9A1E7A4F7556}") = "BugTracking.Domain.Shared", "src\BugTracking.Domain.Shared\BugTracking.Domain.Shared.csproj", "{42F719ED-8413-4895-B5B4-5AB56079BC66}"
EndProject
Project("{9A19103F-16F7-4668-BE54-9A1E7A4F7556}") = "BugTracking.Application.Contracts", "src\BugTracking.Application.Contracts\BugTracking.Application.Contracts.csproj", "{520659C8-C734-4298-A3DA-B539DB9DFC0B}"
EndProject
Project("{9A19103F-16F7-4668-BE54-9A1E7A4F7556}") = "BugTracking.HttpApi", "src\BugTracking.HttpApi\BugTracking.HttpApi.csproj", "{4164BDF7-F527-4E85-9CE6-E3C2D7426A27}"
EndProject
Project("{9A19103F-16F7-4668-BE54-9A1E7A4F7556}") = "BugTracking.HttpApi.Client", "src\BugTracking.HttpApi.Client\BugTracking.HttpApi.Client.csproj", "{3B5A0094-670D-4BB1-BFDD-61B88A8773DC}"
EndProject
Project("{9A19103F-16F7-4668-BE54-9A1E7A4F7556}") = "BugTracking.DbMigrator", "src\BugTracking.DbMigrator\BugTracking.DbMigrator.csproj", "{AA94D832-1CCC-4715-95A9-A483F23A1A5D}"
EndProject
Project("{9A19103F-16F7-4668-BE54-9A1E7A4F7556}") = "BugTracking.HttpApi.Host", "src\BugTracking.HttpApi.Host\BugTracking.HttpApi.Host.csproj", "{748584B1-BA69-4F6A-81AA-F4BDE6BCE29D}"
EndProject
Project("{2150E333-8FDC-42A3-9474-1A3956D46DE8}") = "libs", "libs", "{1DB895A2-FAD7-43CA-B336-26CB83357E01}"
EndProject
Project("{2150E333-8FDC-42A3-9474-1A3956D46DE8}") = "modules", "modules", "{B225DD78-5FE6-413A-81B2-AEC33C235F2D}"
EndProject
Project("{2150E333-8FDC-42A3-9474-1A3956D46DE8}") = "frameworks", "frameworks", "{0E4B152F-364F-4DE6-9507-4A40B349FF11}"
EndProject
Project("{2150E333-8FDC-42A3-9474-1A3956D46DE8}") = "users", "users", "{621E4846-27C9-4D02-BDF8-F68A4F833B6A}"
EndProject
Project("{2150E333-8FDC-42A3-9474-1A3956D46DE8}") = "identity", "identity", "{17FBDB1E-1AE8-4815-A295-6DD137BBECE0}"
EndProject
Project("{9A19103F-16F7-4668-BE54-9A1E7A4F7556}") = "Volo.Abp.Identity.Domain", "src\libs\modules\identity\src\Volo.Abp.Identity.Domain\Volo.Abp.Identity.Domain.csproj", "{09626826-9159-4A2B-B1E8-F0AC0BCBA0CB}"
EndProject
Project("{9A19103F-16F7-4668-BE54-9A1E7A4F7556}") = "Volo.Abp.Identity.Domain.Shared", "src\libs\modules\identity\src\Volo.Abp.Identity.Domain.Shared\Volo.Abp.Identity.Domain.Shared.csproj", "{457BF464-018F-4D41-BBE5-6DE860DFD7AC}"
EndProject
Project("{9A19103F-16F7-4668-BE54-9A1E7A4F7556}") = "Volo.Abp.Identity.EntityFrameworkCore", "src\libs\modules\identity\src\Volo.Abp.Identity.EntityFrameworkCore\Volo.Abp.Identity.EntityFrameworkCore.csproj", "{D82622C4-C70C-4B65-AB6A-CE7B6C28E40A}"
EndProject
Project("{9A19103F-16F7-4668-BE54-9A1E7A4F7556}") = "Volo.Abp.Users.Domain", "src\libs\modules\users\src\Volo.Abp.Users.Domain\Volo.Abp.Users.Domain.csproj", "{A971F6AF-772E-4FE5-9C17-4AA057F75C59}"
EndProject
Project("{9A19103F-16F7-4668-BE54-9A1E7A4F7556}") = "Volo.Abp.Users.Abstractions", "src\libs\modules\users\src\Volo.Abp.Users.Abstractions\Volo.Abp.Users.Abstractions.csproj", "{ACBD437F-7FC4-4F15-9C39-16196A573A41}"
EndProject
Project("{9A19103F-16F7-4668-BE54-9A1E7A4F7556}") = "Volo.Abp.Users.Domain.Shared", "src\libs\modules\users\src\Volo.Abp.Users.Domain.Shared\Volo.Abp.Users.Domain.Shared.csproj", "{C5A4F650-2D48-4541-AF6E-28CF0CEC52C1}"
EndProject
Project("{9A19103F-16F7-4668-BE54-9A1E7A4F7556}") = "Volo.Abp.Users.EntityFrameworkCore", "src\libs\modules\users\src\Volo.Abp.Users.EntityFrameworkCore\Volo.Abp.Users.EntityFrameworkCore.csproj", "{45183DD9-6A2E-4155-8139-C95BD44AC10A}"
EndProject
Project("{9A19103F-16F7-4668-BE54-9A1E7A4F7556}") = "TMT.Auditing", "src\libs\frameworks\TMT.Auditing\TMT.Auditing.csproj", "{C7559246-583D-4696-ABA0-73C4FAF63FC0}"
EndProject
Project("{9A19103F-16F7-4668-BE54-9A1E7A4F7556}") = "TMT.Ddd.Domain", "src\libs\frameworks\TMT.Ddd.Domain\TMT.Ddd.Domain.csproj", "{916E48FA-5B44-4360-A44F-B18FBAE2F427}"
EndProject
Project("{9A19103F-16F7-4668-BE54-9A1E7A4F7556}") = "TMT.Security", "src\libs\frameworks\TMT.Security\TMT.Security.csproj", "{BF4E077B-2589-485D-8E88-E775F083CE17}"
EndProject
Project("{2150E333-8FDC-42A3-9474-1A3956D46DE8}") = "audit-logging", "audit-logging", "{B9AE35D8-A4B0-4598-A7CA-4AC1CF075E26}"
EndProject
Project("{9A19103F-16F7-4668-BE54-9A1E7A4F7556}") = "Volo.Abp.AuditLogging.Domain", "src\libs\modules\audit-logging\src\Volo.Abp.AuditLogging.Domain\Volo.Abp.AuditLogging.Domain.csproj", "{1BC26241-A120-4EF7-B836-6E88A5C8E298}"
EndProject
Project("{9A19103F-16F7-4668-BE54-9A1E7A4F7556}") = "Volo.Abp.AuditLogging.Domain.Shared", "src\libs\modules\audit-logging\src\Volo.Abp.AuditLogging.Domain.Shared\Volo.Abp.AuditLogging.Domain.Shared.csproj", "{1C805315-3B48-46FE-B3E8-A5B7FEA1F361}"
EndProject
Project("{9A19103F-16F7-4668-BE54-9A1E7A4F7556}") = "Volo.Abp.AuditLogging.EntityFrameworkCore", "src\libs\modules\audit-logging\src\Volo.Abp.AuditLogging.EntityFrameworkCore\Volo.Abp.AuditLogging.EntityFrameworkCore.csproj", "{25571A75-E5B1-4D52-9945-829D68AAD3A3}"
EndProject
Project("{9A19103F-16F7-4668-BE54-9A1E7A4F7556}") = "TMT.EntityFramworkCore", "src\libs\frameworks\TMT.EntityFramworkCore\TMT.EntityFramworkCore.csproj", "{269DF6F9-7FF6-4E0D-B6D5-CDCD878A6036}"
EndProject
Project("{9A19103F-16F7-4668-BE54-9A1E7A4F7556}") = "Volo.Abp.PermissionManagement.Domain.Identity", "src\libs\modules\identity\src\Volo.Abp.PermissionManagement.Domain.Identity\Volo.Abp.PermissionManagement.Domain.Identity.csproj", "{852680B2-C884-43FC-B9FC-D7B1F96DD29F}"
EndProject
Project("{2150E333-8FDC-42A3-9474-1A3956D46DE8}") = "ElsaWF1", "ElsaWF1", "{C5A089D8-1F94-40F6-8106-DD2F14E72FF3}"
EndProject
Project("{9A19103F-16F7-4668-BE54-9A1E7A4F7556}") = "ElsaDemo.Web", "ElsaDemo\src\ElsaDemo.Web\ElsaDemo.Web.csproj", "{3C34F321-2E5A-4479-B4A0-24CD10AE9AF6}"
EndProject
Project("{9A19103F-16F7-4668-BE54-9A1E7A4F7556}") = "ElsaDemo.Application", "ElsaDemo\src\ElsaDemo.Application\ElsaDemo.Application.csproj", "{50C83531-957D-4D40-8868-4553FF19CAF6}"
EndProject
Global
	GlobalSection(SolutionConfigurationPlatforms) = preSolution
		Debug|Any CPU = Debug|Any CPU
		Release|Any CPU = Release|Any CPU
	EndGlobalSection
	GlobalSection(ProjectConfigurationPlatforms) = postSolution
		{554AD327-6DBA-4F8F-96F8-81CE7A0C863F}.Debug|Any CPU.ActiveCfg = Debug|Any CPU
		{554AD327-6DBA-4F8F-96F8-81CE7A0C863F}.Debug|Any CPU.Build.0 = Debug|Any CPU
		{554AD327-6DBA-4F8F-96F8-81CE7A0C863F}.Release|Any CPU.ActiveCfg = Release|Any CPU
		{554AD327-6DBA-4F8F-96F8-81CE7A0C863F}.Release|Any CPU.Build.0 = Release|Any CPU
		{1A94A50E-06DC-43C1-80B5-B662820EC3EB}.Debug|Any CPU.ActiveCfg = Debug|Any CPU
		{1A94A50E-06DC-43C1-80B5-B662820EC3EB}.Debug|Any CPU.Build.0 = Debug|Any CPU
		{1A94A50E-06DC-43C1-80B5-B662820EC3EB}.Release|Any CPU.ActiveCfg = Release|Any CPU
		{1A94A50E-06DC-43C1-80B5-B662820EC3EB}.Release|Any CPU.Build.0 = Release|Any CPU
		{C956DD76-69C8-4A9C-83EA-D17DF83340FD}.Debug|Any CPU.ActiveCfg = Debug|Any CPU
		{C956DD76-69C8-4A9C-83EA-D17DF83340FD}.Debug|Any CPU.Build.0 = Debug|Any CPU
		{C956DD76-69C8-4A9C-83EA-D17DF83340FD}.Release|Any CPU.ActiveCfg = Release|Any CPU
		{C956DD76-69C8-4A9C-83EA-D17DF83340FD}.Release|Any CPU.Build.0 = Release|Any CPU
		{0372FA84-C517-4EB3-9A9F-B9ACAC0CA5E0}.Debug|Any CPU.ActiveCfg = Debug|Any CPU
		{0372FA84-C517-4EB3-9A9F-B9ACAC0CA5E0}.Debug|Any CPU.Build.0 = Debug|Any CPU
		{0372FA84-C517-4EB3-9A9F-B9ACAC0CA5E0}.Release|Any CPU.ActiveCfg = Release|Any CPU
		{0372FA84-C517-4EB3-9A9F-B9ACAC0CA5E0}.Release|Any CPU.Build.0 = Release|Any CPU
		{42F719ED-8413-4895-B5B4-5AB56079BC66}.Debug|Any CPU.ActiveCfg = Debug|Any CPU
		{42F719ED-8413-4895-B5B4-5AB56079BC66}.Debug|Any CPU.Build.0 = Debug|Any CPU
		{42F719ED-8413-4895-B5B4-5AB56079BC66}.Release|Any CPU.ActiveCfg = Release|Any CPU
		{42F719ED-8413-4895-B5B4-5AB56079BC66}.Release|Any CPU.Build.0 = Release|Any CPU
		{520659C8-C734-4298-A3DA-B539DB9DFC0B}.Debug|Any CPU.ActiveCfg = Debug|Any CPU
		{520659C8-C734-4298-A3DA-B539DB9DFC0B}.Debug|Any CPU.Build.0 = Debug|Any CPU
		{520659C8-C734-4298-A3DA-B539DB9DFC0B}.Release|Any CPU.ActiveCfg = Release|Any CPU
		{520659C8-C734-4298-A3DA-B539DB9DFC0B}.Release|Any CPU.Build.0 = Release|Any CPU
		{4164BDF7-F527-4E85-9CE6-E3C2D7426A27}.Debug|Any CPU.ActiveCfg = Debug|Any CPU
		{4164BDF7-F527-4E85-9CE6-E3C2D7426A27}.Debug|Any CPU.Build.0 = Debug|Any CPU
		{4164BDF7-F527-4E85-9CE6-E3C2D7426A27}.Release|Any CPU.ActiveCfg = Release|Any CPU
		{4164BDF7-F527-4E85-9CE6-E3C2D7426A27}.Release|Any CPU.Build.0 = Release|Any CPU
		{3B5A0094-670D-4BB1-BFDD-61B88A8773DC}.Debug|Any CPU.ActiveCfg = Debug|Any CPU
		{3B5A0094-670D-4BB1-BFDD-61B88A8773DC}.Debug|Any CPU.Build.0 = Debug|Any CPU
		{3B5A0094-670D-4BB1-BFDD-61B88A8773DC}.Release|Any CPU.ActiveCfg = Release|Any CPU
		{3B5A0094-670D-4BB1-BFDD-61B88A8773DC}.Release|Any CPU.Build.0 = Release|Any CPU
		{AA94D832-1CCC-4715-95A9-A483F23A1A5D}.Debug|Any CPU.ActiveCfg = Debug|Any CPU
		{AA94D832-1CCC-4715-95A9-A483F23A1A5D}.Debug|Any CPU.Build.0 = Debug|Any CPU
		{AA94D832-1CCC-4715-95A9-A483F23A1A5D}.Release|Any CPU.ActiveCfg = Release|Any CPU
		{AA94D832-1CCC-4715-95A9-A483F23A1A5D}.Release|Any CPU.Build.0 = Release|Any CPU
		{748584B1-BA69-4F6A-81AA-F4BDE6BCE29D}.Debug|Any CPU.ActiveCfg = Debug|Any CPU
		{748584B1-BA69-4F6A-81AA-F4BDE6BCE29D}.Debug|Any CPU.Build.0 = Debug|Any CPU
		{748584B1-BA69-4F6A-81AA-F4BDE6BCE29D}.Release|Any CPU.ActiveCfg = Release|Any CPU
		{748584B1-BA69-4F6A-81AA-F4BDE6BCE29D}.Release|Any CPU.Build.0 = Release|Any CPU
		{09626826-9159-4A2B-B1E8-F0AC0BCBA0CB}.Debug|Any CPU.ActiveCfg = Debug|Any CPU
		{09626826-9159-4A2B-B1E8-F0AC0BCBA0CB}.Debug|Any CPU.Build.0 = Debug|Any CPU
		{09626826-9159-4A2B-B1E8-F0AC0BCBA0CB}.Release|Any CPU.ActiveCfg = Release|Any CPU
		{09626826-9159-4A2B-B1E8-F0AC0BCBA0CB}.Release|Any CPU.Build.0 = Release|Any CPU
		{457BF464-018F-4D41-BBE5-6DE860DFD7AC}.Debug|Any CPU.ActiveCfg = Debug|Any CPU
		{457BF464-018F-4D41-BBE5-6DE860DFD7AC}.Debug|Any CPU.Build.0 = Debug|Any CPU
		{457BF464-018F-4D41-BBE5-6DE860DFD7AC}.Release|Any CPU.ActiveCfg = Release|Any CPU
		{457BF464-018F-4D41-BBE5-6DE860DFD7AC}.Release|Any CPU.Build.0 = Release|Any CPU
		{D82622C4-C70C-4B65-AB6A-CE7B6C28E40A}.Debug|Any CPU.ActiveCfg = Debug|Any CPU
		{D82622C4-C70C-4B65-AB6A-CE7B6C28E40A}.Debug|Any CPU.Build.0 = Debug|Any CPU
		{D82622C4-C70C-4B65-AB6A-CE7B6C28E40A}.Release|Any CPU.ActiveCfg = Release|Any CPU
		{D82622C4-C70C-4B65-AB6A-CE7B6C28E40A}.Release|Any CPU.Build.0 = Release|Any CPU
		{A971F6AF-772E-4FE5-9C17-4AA057F75C59}.Debug|Any CPU.ActiveCfg = Debug|Any CPU
		{A971F6AF-772E-4FE5-9C17-4AA057F75C59}.Debug|Any CPU.Build.0 = Debug|Any CPU
		{A971F6AF-772E-4FE5-9C17-4AA057F75C59}.Release|Any CPU.ActiveCfg = Release|Any CPU
		{A971F6AF-772E-4FE5-9C17-4AA057F75C59}.Release|Any CPU.Build.0 = Release|Any CPU
		{ACBD437F-7FC4-4F15-9C39-16196A573A41}.Debug|Any CPU.ActiveCfg = Debug|Any CPU
		{ACBD437F-7FC4-4F15-9C39-16196A573A41}.Debug|Any CPU.Build.0 = Debug|Any CPU
		{ACBD437F-7FC4-4F15-9C39-16196A573A41}.Release|Any CPU.ActiveCfg = Release|Any CPU
		{ACBD437F-7FC4-4F15-9C39-16196A573A41}.Release|Any CPU.Build.0 = Release|Any CPU
		{C5A4F650-2D48-4541-AF6E-28CF0CEC52C1}.Debug|Any CPU.ActiveCfg = Debug|Any CPU
		{C5A4F650-2D48-4541-AF6E-28CF0CEC52C1}.Debug|Any CPU.Build.0 = Debug|Any CPU
		{C5A4F650-2D48-4541-AF6E-28CF0CEC52C1}.Release|Any CPU.ActiveCfg = Release|Any CPU
		{C5A4F650-2D48-4541-AF6E-28CF0CEC52C1}.Release|Any CPU.Build.0 = Release|Any CPU
		{45183DD9-6A2E-4155-8139-C95BD44AC10A}.Debug|Any CPU.ActiveCfg = Debug|Any CPU
		{45183DD9-6A2E-4155-8139-C95BD44AC10A}.Debug|Any CPU.Build.0 = Debug|Any CPU
		{45183DD9-6A2E-4155-8139-C95BD44AC10A}.Release|Any CPU.ActiveCfg = Release|Any CPU
		{45183DD9-6A2E-4155-8139-C95BD44AC10A}.Release|Any CPU.Build.0 = Release|Any CPU
		{C7559246-583D-4696-ABA0-73C4FAF63FC0}.Debug|Any CPU.ActiveCfg = Debug|Any CPU
		{C7559246-583D-4696-ABA0-73C4FAF63FC0}.Debug|Any CPU.Build.0 = Debug|Any CPU
		{C7559246-583D-4696-ABA0-73C4FAF63FC0}.Release|Any CPU.ActiveCfg = Release|Any CPU
		{C7559246-583D-4696-ABA0-73C4FAF63FC0}.Release|Any CPU.Build.0 = Release|Any CPU
		{916E48FA-5B44-4360-A44F-B18FBAE2F427}.Debug|Any CPU.ActiveCfg = Debug|Any CPU
		{916E48FA-5B44-4360-A44F-B18FBAE2F427}.Debug|Any CPU.Build.0 = Debug|Any CPU
		{916E48FA-5B44-4360-A44F-B18FBAE2F427}.Release|Any CPU.ActiveCfg = Release|Any CPU
		{916E48FA-5B44-4360-A44F-B18FBAE2F427}.Release|Any CPU.Build.0 = Release|Any CPU
		{BF4E077B-2589-485D-8E88-E775F083CE17}.Debug|Any CPU.ActiveCfg = Debug|Any CPU
		{BF4E077B-2589-485D-8E88-E775F083CE17}.Debug|Any CPU.Build.0 = Debug|Any CPU
		{BF4E077B-2589-485D-8E88-E775F083CE17}.Release|Any CPU.ActiveCfg = Release|Any CPU
		{BF4E077B-2589-485D-8E88-E775F083CE17}.Release|Any CPU.Build.0 = Release|Any CPU
		{1BC26241-A120-4EF7-B836-6E88A5C8E298}.Debug|Any CPU.ActiveCfg = Debug|Any CPU
		{1BC26241-A120-4EF7-B836-6E88A5C8E298}.Debug|Any CPU.Build.0 = Debug|Any CPU
		{1BC26241-A120-4EF7-B836-6E88A5C8E298}.Release|Any CPU.ActiveCfg = Release|Any CPU
		{1BC26241-A120-4EF7-B836-6E88A5C8E298}.Release|Any CPU.Build.0 = Release|Any CPU
		{1C805315-3B48-46FE-B3E8-A5B7FEA1F361}.Debug|Any CPU.ActiveCfg = Debug|Any CPU
		{1C805315-3B48-46FE-B3E8-A5B7FEA1F361}.Debug|Any CPU.Build.0 = Debug|Any CPU
		{1C805315-3B48-46FE-B3E8-A5B7FEA1F361}.Release|Any CPU.ActiveCfg = Release|Any CPU
		{1C805315-3B48-46FE-B3E8-A5B7FEA1F361}.Release|Any CPU.Build.0 = Release|Any CPU
		{25571A75-E5B1-4D52-9945-829D68AAD3A3}.Debug|Any CPU.ActiveCfg = Debug|Any CPU
		{25571A75-E5B1-4D52-9945-829D68AAD3A3}.Debug|Any CPU.Build.0 = Debug|Any CPU
		{25571A75-E5B1-4D52-9945-829D68AAD3A3}.Release|Any CPU.ActiveCfg = Release|Any CPU
		{25571A75-E5B1-4D52-9945-829D68AAD3A3}.Release|Any CPU.Build.0 = Release|Any CPU
		{269DF6F9-7FF6-4E0D-B6D5-CDCD878A6036}.Debug|Any CPU.ActiveCfg = Debug|Any CPU
		{269DF6F9-7FF6-4E0D-B6D5-CDCD878A6036}.Debug|Any CPU.Build.0 = Debug|Any CPU
		{269DF6F9-7FF6-4E0D-B6D5-CDCD878A6036}.Release|Any CPU.ActiveCfg = Release|Any CPU
		{269DF6F9-7FF6-4E0D-B6D5-CDCD878A6036}.Release|Any CPU.Build.0 = Release|Any CPU
		{852680B2-C884-43FC-B9FC-D7B1F96DD29F}.Debug|Any CPU.ActiveCfg = Debug|Any CPU
		{852680B2-C884-43FC-B9FC-D7B1F96DD29F}.Debug|Any CPU.Build.0 = Debug|Any CPU
		{852680B2-C884-43FC-B9FC-D7B1F96DD29F}.Release|Any CPU.ActiveCfg = Release|Any CPU
		{852680B2-C884-43FC-B9FC-D7B1F96DD29F}.Release|Any CPU.Build.0 = Release|Any CPU
		{3C34F321-2E5A-4479-B4A0-24CD10AE9AF6}.Debug|Any CPU.ActiveCfg = Debug|Any CPU
		{3C34F321-2E5A-4479-B4A0-24CD10AE9AF6}.Debug|Any CPU.Build.0 = Debug|Any CPU
		{3C34F321-2E5A-4479-B4A0-24CD10AE9AF6}.Release|Any CPU.ActiveCfg = Release|Any CPU
		{3C34F321-2E5A-4479-B4A0-24CD10AE9AF6}.Release|Any CPU.Build.0 = Release|Any CPU
		{50C83531-957D-4D40-8868-4553FF19CAF6}.Debug|Any CPU.ActiveCfg = Debug|Any CPU
		{50C83531-957D-4D40-8868-4553FF19CAF6}.Debug|Any CPU.Build.0 = Debug|Any CPU
		{50C83531-957D-4D40-8868-4553FF19CAF6}.Release|Any CPU.ActiveCfg = Release|Any CPU
		{50C83531-957D-4D40-8868-4553FF19CAF6}.Release|Any CPU.Build.0 = Release|Any CPU
	EndGlobalSection
	GlobalSection(SolutionProperties) = preSolution
		HideSolutionNode = FALSE
	EndGlobalSection
	GlobalSection(NestedProjects) = preSolution
		{554AD327-6DBA-4F8F-96F8-81CE7A0C863F} = {CA9AC87F-097E-4F15-8393-4BC07735A5B0}
		{1A94A50E-06DC-43C1-80B5-B662820EC3EB} = {CA9AC87F-097E-4F15-8393-4BC07735A5B0}
		{C956DD76-69C8-4A9C-83EA-D17DF83340FD} = {CA9AC87F-097E-4F15-8393-4BC07735A5B0}
		{0372FA84-C517-4EB3-9A9F-B9ACAC0CA5E0} = {CA9AC87F-097E-4F15-8393-4BC07735A5B0}
		{42F719ED-8413-4895-B5B4-5AB56079BC66} = {CA9AC87F-097E-4F15-8393-4BC07735A5B0}
		{520659C8-C734-4298-A3DA-B539DB9DFC0B} = {CA9AC87F-097E-4F15-8393-4BC07735A5B0}
		{4164BDF7-F527-4E85-9CE6-E3C2D7426A27} = {CA9AC87F-097E-4F15-8393-4BC07735A5B0}
		{3B5A0094-670D-4BB1-BFDD-61B88A8773DC} = {CA9AC87F-097E-4F15-8393-4BC07735A5B0}
		{AA94D832-1CCC-4715-95A9-A483F23A1A5D} = {CA9AC87F-097E-4F15-8393-4BC07735A5B0}
		{748584B1-BA69-4F6A-81AA-F4BDE6BCE29D} = {CA9AC87F-097E-4F15-8393-4BC07735A5B0}
		{1DB895A2-FAD7-43CA-B336-26CB83357E01} = {CA9AC87F-097E-4F15-8393-4BC07735A5B0}
		{B225DD78-5FE6-413A-81B2-AEC33C235F2D} = {1DB895A2-FAD7-43CA-B336-26CB83357E01}
		{0E4B152F-364F-4DE6-9507-4A40B349FF11} = {1DB895A2-FAD7-43CA-B336-26CB83357E01}
		{621E4846-27C9-4D02-BDF8-F68A4F833B6A} = {B225DD78-5FE6-413A-81B2-AEC33C235F2D}
		{17FBDB1E-1AE8-4815-A295-6DD137BBECE0} = {B225DD78-5FE6-413A-81B2-AEC33C235F2D}
		{09626826-9159-4A2B-B1E8-F0AC0BCBA0CB} = {17FBDB1E-1AE8-4815-A295-6DD137BBECE0}
		{457BF464-018F-4D41-BBE5-6DE860DFD7AC} = {17FBDB1E-1AE8-4815-A295-6DD137BBECE0}
		{D82622C4-C70C-4B65-AB6A-CE7B6C28E40A} = {17FBDB1E-1AE8-4815-A295-6DD137BBECE0}
		{A971F6AF-772E-4FE5-9C17-4AA057F75C59} = {621E4846-27C9-4D02-BDF8-F68A4F833B6A}
		{ACBD437F-7FC4-4F15-9C39-16196A573A41} = {621E4846-27C9-4D02-BDF8-F68A4F833B6A}
		{C5A4F650-2D48-4541-AF6E-28CF0CEC52C1} = {621E4846-27C9-4D02-BDF8-F68A4F833B6A}
		{45183DD9-6A2E-4155-8139-C95BD44AC10A} = {621E4846-27C9-4D02-BDF8-F68A4F833B6A}
		{C7559246-583D-4696-ABA0-73C4FAF63FC0} = {0E4B152F-364F-4DE6-9507-4A40B349FF11}
		{916E48FA-5B44-4360-A44F-B18FBAE2F427} = {0E4B152F-364F-4DE6-9507-4A40B349FF11}
		{BF4E077B-2589-485D-8E88-E775F083CE17} = {0E4B152F-364F-4DE6-9507-4A40B349FF11}
		{B9AE35D8-A4B0-4598-A7CA-4AC1CF075E26} = {B225DD78-5FE6-413A-81B2-AEC33C235F2D}
		{1BC26241-A120-4EF7-B836-6E88A5C8E298} = {B9AE35D8-A4B0-4598-A7CA-4AC1CF075E26}
		{1C805315-3B48-46FE-B3E8-A5B7FEA1F361} = {B9AE35D8-A4B0-4598-A7CA-4AC1CF075E26}
		{25571A75-E5B1-4D52-9945-829D68AAD3A3} = {B9AE35D8-A4B0-4598-A7CA-4AC1CF075E26}
		{269DF6F9-7FF6-4E0D-B6D5-CDCD878A6036} = {0E4B152F-364F-4DE6-9507-4A40B349FF11}
		{852680B2-C884-43FC-B9FC-D7B1F96DD29F} = {17FBDB1E-1AE8-4815-A295-6DD137BBECE0}
		{C5A089D8-1F94-40F6-8106-DD2F14E72FF3} = {CA9AC87F-097E-4F15-8393-4BC07735A5B0}
		{3C34F321-2E5A-4479-B4A0-24CD10AE9AF6} = {C5A089D8-1F94-40F6-8106-DD2F14E72FF3}
		{50C83531-957D-4D40-8868-4553FF19CAF6} = {C5A089D8-1F94-40F6-8106-DD2F14E72FF3}
	EndGlobalSection
	GlobalSection(ExtensibilityGlobals) = postSolution
		SolutionGuid = {28315BFD-90E7-4E14-A2EA-F3D23AF4126F}
	EndGlobalSection
EndGlobal
